// !$*UTF8*$!
{
	archiveVersion = 1;
	classes = {
	};
	objectVersion = 46;
	objects = {

/* Begin PBXBuildFile section */
		0B4C46861460E8B9007B5E06 /* Cocoa.framework in Frameworks */ = {isa = PBXBuildFile; fileRef = 0B4C46851460E8B9007B5E06 /* Cocoa.framework */; };
		0B4C46901460E8B9007B5E06 /* InfoPlist.strings in Resources */ = {isa = PBXBuildFile; fileRef = 0B4C468E1460E8B9007B5E06 /* InfoPlist.strings */; };
		0B4C46C81460EAAF007B5E06 /* UIKit.framework in Frameworks */ = {isa = PBXBuildFile; fileRef = 0B4C46C71460EAAF007B5E06 /* UIKit.framework */; };
		0B4C46C91460EAAF007B5E06 /* Foundation.framework in Frameworks */ = {isa = PBXBuildFile; fileRef = 0B5068C81460E41500BD27ED /* Foundation.framework */; };
		0B4C46CB1460EAAF007B5E06 /* CoreGraphics.framework in Frameworks */ = {isa = PBXBuildFile; fileRef = 0B4C46CA1460EAAF007B5E06 /* CoreGraphics.framework */; };
		0B4C46DB1460EB0A007B5E06 /* AppDelegate.m in Sources */ = {isa = PBXBuildFile; fileRef = 0B4C469B1460EA4B007B5E06 /* AppDelegate.m */; };
		0B4C46DD1460EB0A007B5E06 /* main.m in Sources */ = {isa = PBXBuildFile; fileRef = 0B4C469F1460EA4B007B5E06 /* main.m */; };
		0B4C46DE1460EB0A007B5E06 /* MainWindow.xib in Resources */ = {isa = PBXBuildFile; fileRef = 0B4C46A01460EA4B007B5E06 /* MainWindow.xib */; };
		0B4C46DF1460EB85007B5E06 /* libCocoaOSC.a in Frameworks */ = {isa = PBXBuildFile; fileRef = 0B5068C51460E41500BD27ED /* libCocoaOSC.a */; };
		0B4C46E61460EC07007B5E06 /* Cocoa.framework in Frameworks */ = {isa = PBXBuildFile; fileRef = 0B4C46851460E8B9007B5E06 /* Cocoa.framework */; };
		0B4C46FC1460EC29007B5E06 /* MainMenu.xib in Resources */ = {isa = PBXBuildFile; fileRef = 0B4C46AB1460EA4B007B5E06 /* MainMenu.xib */; };
		0B4C46FD1460EC29007B5E06 /* MyDocument.xib in Resources */ = {isa = PBXBuildFile; fileRef = 0B4C46AD1460EA4B007B5E06 /* MyDocument.xib */; };
		0B4C46FE1460EC29007B5E06 /* PacketView.xib in Resources */ = {isa = PBXBuildFile; fileRef = 0B4C46AF1460EA4B007B5E06 /* PacketView.xib */; };
		0B4C46FF1460EC39007B5E06 /* main.m in Sources */ = {isa = PBXBuildFile; fileRef = 0B4C46B11460EA4B007B5E06 /* main.m */; };
		0B4C47001460EC39007B5E06 /* MyDocument.m in Sources */ = {isa = PBXBuildFile; fileRef = 0B4C46B31460EA4B007B5E06 /* MyDocument.m */; };
		0B4C47011460EC39007B5E06 /* MyDocumentModel.m in Sources */ = {isa = PBXBuildFile; fileRef = 0B4C46B51460EA4B007B5E06 /* MyDocumentModel.m */; };
		0B4C47021460EC39007B5E06 /* MyMethod.m in Sources */ = {isa = PBXBuildFile; fileRef = 0B4C46B71460EA4B007B5E06 /* MyMethod.m */; };
		0B4C47031460EC39007B5E06 /* PacketViewController.m in Sources */ = {isa = PBXBuildFile; fileRef = 0B4C46B91460EA4B007B5E06 /* PacketViewController.m */; };
		0B4C470A1460ED2E007B5E06 /* Credits.rtf in Resources */ = {isa = PBXBuildFile; fileRef = 0B4C46A71460EA4B007B5E06 /* Credits.rtf */; };
		0B4C470B1460ED39007B5E06 /* InfoPlist.strings in Resources */ = {isa = PBXBuildFile; fileRef = 0B4C46A91460EA4B007B5E06 /* InfoPlist.strings */; };
		0B4C470C1460F49A007B5E06 /* CocoaOSC.framework in Frameworks */ = {isa = PBXBuildFile; fileRef = 0B4C46841460E8B9007B5E06 /* CocoaOSC.framework */; };
		0B4C470D1460F4B8007B5E06 /* CocoaOSC.h in Headers */ = {isa = PBXBuildFile; fileRef = 0B5068D51460E46500BD27ED /* CocoaOSC.h */; };
		0B4C470F1460F4B8007B5E06 /* NS+OSCAdditions.m in Sources */ = {isa = PBXBuildFile; fileRef = 0B5068D71460E46500BD27ED /* NS+OSCAdditions.m */; };
		0B4C47101460F4B8007B5E06 /* OSCConnection.h in Headers */ = {isa = PBXBuildFile; fileRef = 0B5068D81460E46500BD27ED /* OSCConnection.h */; };
		0B4C47111460F4B8007B5E06 /* OSCConnection.m in Sources */ = {isa = PBXBuildFile; fileRef = 0B5068D91460E46500BD27ED /* OSCConnection.m */; };
		0B4C47121460F4B8007B5E06 /* OSCConnectionDelegate.h in Headers */ = {isa = PBXBuildFile; fileRef = 0B5068DA1460E46500BD27ED /* OSCConnectionDelegate.h */; };
		0B4C47131460F4B8007B5E06 /* OSCDispatcher.h in Headers */ = {isa = PBXBuildFile; fileRef = 0B5068DB1460E46500BD27ED /* OSCDispatcher.h */; };
		0B4C47141460F4B8007B5E06 /* OSCDispatcher.m in Sources */ = {isa = PBXBuildFile; fileRef = 0B5068DC1460E46500BD27ED /* OSCDispatcher.m */; };
		0B4C47151460F4B8007B5E06 /* OSCPacket.h in Headers */ = {isa = PBXBuildFile; fileRef = 0B5068DD1460E46500BD27ED /* OSCPacket.h */; };
		0B4C47161460F4B8007B5E06 /* OSCPacket.m in Sources */ = {isa = PBXBuildFile; fileRef = 0B5068DE1460E46500BD27ED /* OSCPacket.m */; };
		0B4C47171460F55E007B5E06 /* AsyncSocket.h in Headers */ = {isa = PBXBuildFile; fileRef = 0B5068EC1460E4BC00BD27ED /* AsyncSocket.h */; };
		0B4C47181460F55E007B5E06 /* AsyncSocket.m in Sources */ = {isa = PBXBuildFile; fileRef = 0B5068ED1460E4BC00BD27ED /* AsyncSocket.m */; };
		0B4C47191460F55E007B5E06 /* AsyncUdpSocket.h in Headers */ = {isa = PBXBuildFile; fileRef = 0B5068EE1460E4BC00BD27ED /* AsyncUdpSocket.h */; };
		0B4C471A1460F55E007B5E06 /* AsyncUdpSocket.m in Sources */ = {isa = PBXBuildFile; fileRef = 0B5068EF1460E4BC00BD27ED /* AsyncUdpSocket.m */; };
		0B4C471B1460F565007B5E06 /* RegexKitLite.h in Headers */ = {isa = PBXBuildFile; fileRef = 0B50691D1460E4BC00BD27ED /* RegexKitLite.h */; };
		0B4C471C1460F565007B5E06 /* RegexKitLite.m in Sources */ = {isa = PBXBuildFile; fileRef = 0B50691F1460E4BC00BD27ED /* RegexKitLite.m */; };
		0B4C47231460FBA3007B5E06 /* libicucore.dylib in Frameworks */ = {isa = PBXBuildFile; fileRef = 0B4C471F1460FB6F007B5E06 /* libicucore.dylib */; };
		0B4C47241460FBA8007B5E06 /* CFNetwork.framework in Frameworks */ = {isa = PBXBuildFile; fileRef = 0B4C47211460FB76007B5E06 /* CFNetwork.framework */; };
		0B4C47FB146104F8007B5E06 /* libicucore.dylib in Frameworks */ = {isa = PBXBuildFile; fileRef = 0B4C47FA146104F8007B5E06 /* libicucore.dylib */; };
		0B4C47FD146105B6007B5E06 /* CocoaOSC.framework in CopyFiles */ = {isa = PBXBuildFile; fileRef = 0B4C46841460E8B9007B5E06 /* CocoaOSC.framework */; };
		0B5068C91460E41500BD27ED /* Foundation.framework in Frameworks */ = {isa = PBXBuildFile; fileRef = 0B5068C81460E41500BD27ED /* Foundation.framework */; };
		0B5068DF1460E46500BD27ED /* CocoaOSC.h in Headers */ = {isa = PBXBuildFile; fileRef = 0B5068D51460E46500BD27ED /* CocoaOSC.h */; };
		0B5068E01460E46500BD27ED /* NS+OSCAdditions.h in Headers */ = {isa = PBXBuildFile; fileRef = 0B5068D61460E46500BD27ED /* NS+OSCAdditions.h */; };
		0B5068E11460E46500BD27ED /* NS+OSCAdditions.m in Sources */ = {isa = PBXBuildFile; fileRef = 0B5068D71460E46500BD27ED /* NS+OSCAdditions.m */; };
		0B5068E21460E46500BD27ED /* OSCConnection.h in Headers */ = {isa = PBXBuildFile; fileRef = 0B5068D81460E46500BD27ED /* OSCConnection.h */; };
		0B5068E31460E46500BD27ED /* OSCConnection.m in Sources */ = {isa = PBXBuildFile; fileRef = 0B5068D91460E46500BD27ED /* OSCConnection.m */; };
		0B5068E41460E46500BD27ED /* OSCConnectionDelegate.h in Headers */ = {isa = PBXBuildFile; fileRef = 0B5068DA1460E46500BD27ED /* OSCConnectionDelegate.h */; };
		0B5068E51460E46500BD27ED /* OSCDispatcher.h in Headers */ = {isa = PBXBuildFile; fileRef = 0B5068DB1460E46500BD27ED /* OSCDispatcher.h */; };
		0B5068E61460E46500BD27ED /* OSCDispatcher.m in Sources */ = {isa = PBXBuildFile; fileRef = 0B5068DC1460E46500BD27ED /* OSCDispatcher.m */; };
		0B5068E71460E46500BD27ED /* OSCPacket.h in Headers */ = {isa = PBXBuildFile; fileRef = 0B5068DD1460E46500BD27ED /* OSCPacket.h */; };
		0B5068E81460E46500BD27ED /* OSCPacket.m in Sources */ = {isa = PBXBuildFile; fileRef = 0B5068DE1460E46500BD27ED /* OSCPacket.m */; };
		0B5069271460E4BC00BD27ED /* AsyncSocket.h in Headers */ = {isa = PBXBuildFile; fileRef = 0B5068EC1460E4BC00BD27ED /* AsyncSocket.h */; };
		0B5069281460E4BC00BD27ED /* AsyncSocket.m in Sources */ = {isa = PBXBuildFile; fileRef = 0B5068ED1460E4BC00BD27ED /* AsyncSocket.m */; };
		0B5069291460E4BC00BD27ED /* AsyncUdpSocket.h in Headers */ = {isa = PBXBuildFile; fileRef = 0B5068EE1460E4BC00BD27ED /* AsyncUdpSocket.h */; };
		0B50692A1460E4BC00BD27ED /* AsyncUdpSocket.m in Sources */ = {isa = PBXBuildFile; fileRef = 0B5068EF1460E4BC00BD27ED /* AsyncUdpSocket.m */; };
		0B50693E1460E4BC00BD27ED /* RegexKitLite.h in Headers */ = {isa = PBXBuildFile; fileRef = 0B50691D1460E4BC00BD27ED /* RegexKitLite.h */; };
		0B50693F1460E4BC00BD27ED /* RegexKitLite.m in Sources */ = {isa = PBXBuildFile; fileRef = 0B50691F1460E4BC00BD27ED /* RegexKitLite.m */; };
/* End PBXBuildFile section */

/* Begin PBXContainerItemProxy section */
		0B4C47051460ECC4007B5E06 /* PBXContainerItemProxy */ = {
			isa = PBXContainerItemProxy;
			containerPortal = 0B5068BC1460E41500BD27ED /* Project object */;
			proxyType = 1;
			remoteGlobalIDString = 0B4C46831460E8B9007B5E06;
			remoteInfo = "CocoaOSC-mac";
		};
		0B4C47071460ECC7007B5E06 /* PBXContainerItemProxy */ = {
			isa = PBXContainerItemProxy;
			containerPortal = 0B5068BC1460E41500BD27ED /* Project object */;
			proxyType = 1;
			remoteGlobalIDString = 0B5068C41460E41500BD27ED;
			remoteInfo = "CocoaOSC-ios";
		};
/* End PBXContainerItemProxy section */

/* Begin PBXCopyFilesBuildPhase section */
		0B4C47FC146105A7007B5E06 /* CopyFiles */ = {
			isa = PBXCopyFilesBuildPhase;
			buildActionMask = 2147483647;
			dstPath = "";
			dstSubfolderSpec = 10;
			files = (
				0B4C47FD146105B6007B5E06 /* CocoaOSC.framework in CopyFiles */,
			);
			runOnlyForDeploymentPostprocessing = 0;
		};
/* End PBXCopyFilesBuildPhase section */

/* Begin PBXFileReference section */
		0B4C46841460E8B9007B5E06 /* CocoaOSC.framework */ = {isa = PBXFileReference; explicitFileType = wrapper.framework; includeInIndex = 0; path = CocoaOSC.framework; sourceTree = BUILT_PRODUCTS_DIR; };
		0B4C46851460E8B9007B5E06 /* Cocoa.framework */ = {isa = PBXFileReference; lastKnownFileType = wrapper.framework; name = Cocoa.framework; path = Library/Frameworks/Cocoa.framework; sourceTree = DEVELOPER_DIR; };
		0B4C46881460E8B9007B5E06 /* AppKit.framework */ = {isa = PBXFileReference; lastKnownFileType = wrapper.framework; name = AppKit.framework; path = Library/Frameworks/AppKit.framework; sourceTree = SDKROOT; };
		0B4C46891460E8B9007B5E06 /* CoreData.framework */ = {isa = PBXFileReference; lastKnownFileType = wrapper.framework; name = CoreData.framework; path = Library/Frameworks/CoreData.framework; sourceTree = SDKROOT; };
		0B4C468A1460E8B9007B5E06 /* Foundation.framework */ = {isa = PBXFileReference; lastKnownFileType = wrapper.framework; name = Foundation.framework; path = Library/Frameworks/Foundation.framework; sourceTree = SDKROOT; };
		0B4C468D1460E8B9007B5E06 /* CocoaOSC-Info.plist */ = {isa = PBXFileReference; lastKnownFileType = text.plist.xml; path = "CocoaOSC-Info.plist"; sourceTree = "<group>"; };
		0B4C468F1460E8B9007B5E06 /* en */ = {isa = PBXFileReference; lastKnownFileType = text.plist.strings; name = en; path = en.lproj/InfoPlist.strings; sourceTree = "<group>"; };
		0B4C469A1460EA4B007B5E06 /* AppDelegate.h */ = {isa = PBXFileReference; lastKnownFileType = sourcecode.c.h; path = AppDelegate.h; sourceTree = "<group>"; };
		0B4C469B1460EA4B007B5E06 /* AppDelegate.m */ = {isa = PBXFileReference; lastKnownFileType = sourcecode.c.objc; path = AppDelegate.m; sourceTree = "<group>"; };
		0B4C469E1460EA4B007B5E06 /* CocoaOSCDemo-Info.plist */ = {isa = PBXFileReference; lastKnownFileType = text.plist.xml; path = "CocoaOSCDemo-Info.plist"; sourceTree = "<group>"; };
		0B4C469F1460EA4B007B5E06 /* main.m */ = {isa = PBXFileReference; lastKnownFileType = sourcecode.c.objc; path = main.m; sourceTree = "<group>"; };
		0B4C46A01460EA4B007B5E06 /* MainWindow.xib */ = {isa = PBXFileReference; lastKnownFileType = file.xib; path = MainWindow.xib; sourceTree = "<group>"; };
		0B4C46A51460EA4B007B5E06 /* CocoaOSC_Mac_Demo-Info.plist */ = {isa = PBXFileReference; lastKnownFileType = text.plist.xml; path = "CocoaOSC_Mac_Demo-Info.plist"; sourceTree = "<group>"; };
		0B4C46A61460EA4B007B5E06 /* CocoaOSC_Mac_Demo_Prefix.pch */ = {isa = PBXFileReference; lastKnownFileType = sourcecode.c.h; path = CocoaOSC_Mac_Demo_Prefix.pch; sourceTree = "<group>"; };
		0B4C46A81460EA4B007B5E06 /* English */ = {isa = PBXFileReference; lastKnownFileType = text.rtf; name = English; path = English.lproj/Credits.rtf; sourceTree = "<group>"; };
		0B4C46AA1460EA4B007B5E06 /* English */ = {isa = PBXFileReference; lastKnownFileType = text.plist.strings; name = English; path = English.lproj/InfoPlist.strings; sourceTree = "<group>"; };
		0B4C46AC1460EA4B007B5E06 /* English */ = {isa = PBXFileReference; lastKnownFileType = file.xib; name = English; path = English.lproj/MainMenu.xib; sourceTree = "<group>"; };
		0B4C46AE1460EA4B007B5E06 /* English */ = {isa = PBXFileReference; lastKnownFileType = file.xib; name = English; path = English.lproj/MyDocument.xib; sourceTree = "<group>"; };
		0B4C46B01460EA4B007B5E06 /* English */ = {isa = PBXFileReference; lastKnownFileType = file.xib; name = English; path = English.lproj/PacketView.xib; sourceTree = "<group>"; };
		0B4C46B11460EA4B007B5E06 /* main.m */ = {isa = PBXFileReference; lastKnownFileType = sourcecode.c.objc; path = main.m; sourceTree = "<group>"; };
		0B4C46B21460EA4B007B5E06 /* MyDocument.h */ = {isa = PBXFileReference; lastKnownFileType = sourcecode.c.h; path = MyDocument.h; sourceTree = "<group>"; };
		0B4C46B31460EA4B007B5E06 /* MyDocument.m */ = {isa = PBXFileReference; lastKnownFileType = sourcecode.c.objc; path = MyDocument.m; sourceTree = "<group>"; };
		0B4C46B41460EA4B007B5E06 /* MyDocumentModel.h */ = {isa = PBXFileReference; lastKnownFileType = sourcecode.c.h; path = MyDocumentModel.h; sourceTree = "<group>"; };
		0B4C46B51460EA4B007B5E06 /* MyDocumentModel.m */ = {isa = PBXFileReference; lastKnownFileType = sourcecode.c.objc; path = MyDocumentModel.m; sourceTree = "<group>"; };
		0B4C46B61460EA4B007B5E06 /* MyMethod.h */ = {isa = PBXFileReference; lastKnownFileType = sourcecode.c.h; path = MyMethod.h; sourceTree = "<group>"; };
		0B4C46B71460EA4B007B5E06 /* MyMethod.m */ = {isa = PBXFileReference; lastKnownFileType = sourcecode.c.objc; path = MyMethod.m; sourceTree = "<group>"; };
		0B4C46B81460EA4B007B5E06 /* PacketViewController.h */ = {isa = PBXFileReference; lastKnownFileType = sourcecode.c.h; path = PacketViewController.h; sourceTree = "<group>"; };
		0B4C46B91460EA4B007B5E06 /* PacketViewController.m */ = {isa = PBXFileReference; lastKnownFileType = sourcecode.c.objc; path = PacketViewController.m; sourceTree = "<group>"; };
		0B4C46C51460EAAF007B5E06 /* CocoaOSCios.app */ = {isa = PBXFileReference; explicitFileType = wrapper.application; includeInIndex = 0; path = CocoaOSCios.app; sourceTree = BUILT_PRODUCTS_DIR; };
		0B4C46C71460EAAF007B5E06 /* UIKit.framework */ = {isa = PBXFileReference; lastKnownFileType = wrapper.framework; name = UIKit.framework; path = System/Library/Frameworks/UIKit.framework; sourceTree = SDKROOT; };
		0B4C46CA1460EAAF007B5E06 /* CoreGraphics.framework */ = {isa = PBXFileReference; lastKnownFileType = wrapper.framework; name = CoreGraphics.framework; path = System/Library/Frameworks/CoreGraphics.framework; sourceTree = SDKROOT; };
		0B4C46E41460EC07007B5E06 /* CocoaOSCmac.app */ = {isa = PBXFileReference; explicitFileType = wrapper.application; includeInIndex = 0; path = CocoaOSCmac.app; sourceTree = BUILT_PRODUCTS_DIR; };
		0B4C471F1460FB6F007B5E06 /* libicucore.dylib */ = {isa = PBXFileReference; lastKnownFileType = "compiled.mach-o.dylib"; name = libicucore.dylib; path = usr/lib/libicucore.dylib; sourceTree = SDKROOT; };
		0B4C47211460FB76007B5E06 /* CFNetwork.framework */ = {isa = PBXFileReference; lastKnownFileType = wrapper.framework; name = CFNetwork.framework; path = System/Library/Frameworks/CFNetwork.framework; sourceTree = SDKROOT; };
		0B4C47FA146104F8007B5E06 /* libicucore.dylib */ = {isa = PBXFileReference; lastKnownFileType = "compiled.mach-o.dylib"; name = libicucore.dylib; path = SDKs/MacOSX10.7.sdk/usr/lib/libicucore.dylib; sourceTree = DEVELOPER_DIR; };
		0B5068C51460E41500BD27ED /* libCocoaOSC.a */ = {isa = PBXFileReference; explicitFileType = archive.ar; includeInIndex = 0; path = libCocoaOSC.a; sourceTree = BUILT_PRODUCTS_DIR; };
		0B5068C81460E41500BD27ED /* Foundation.framework */ = {isa = PBXFileReference; lastKnownFileType = wrapper.framework; name = Foundation.framework; path = System/Library/Frameworks/Foundation.framework; sourceTree = SDKROOT; };
		0B5068CC1460E41500BD27ED /* CocoaOSC-Prefix.pch */ = {isa = PBXFileReference; lastKnownFileType = sourcecode.c.h; path = "CocoaOSC-Prefix.pch"; sourceTree = "<group>"; };
		0B5068D51460E46500BD27ED /* CocoaOSC.h */ = {isa = PBXFileReference; fileEncoding = 4; lastKnownFileType = sourcecode.c.h; path = CocoaOSC.h; sourceTree = "<group>"; };
		0B5068D61460E46500BD27ED /* NS+OSCAdditions.h */ = {isa = PBXFileReference; fileEncoding = 4; lastKnownFileType = sourcecode.c.h; path = "NS+OSCAdditions.h"; sourceTree = "<group>"; };
		0B5068D71460E46500BD27ED /* NS+OSCAdditions.m */ = {isa = PBXFileReference; fileEncoding = 4; lastKnownFileType = sourcecode.c.objc; path = "NS+OSCAdditions.m"; sourceTree = "<group>"; };
		0B5068D81460E46500BD27ED /* OSCConnection.h */ = {isa = PBXFileReference; fileEncoding = 4; lastKnownFileType = sourcecode.c.h; path = OSCConnection.h; sourceTree = "<group>"; };
		0B5068D91460E46500BD27ED /* OSCConnection.m */ = {isa = PBXFileReference; fileEncoding = 4; lastKnownFileType = sourcecode.c.objc; path = OSCConnection.m; sourceTree = "<group>"; };
		0B5068DA1460E46500BD27ED /* OSCConnectionDelegate.h */ = {isa = PBXFileReference; fileEncoding = 4; lastKnownFileType = sourcecode.c.h; path = OSCConnectionDelegate.h; sourceTree = "<group>"; };
		0B5068DB1460E46500BD27ED /* OSCDispatcher.h */ = {isa = PBXFileReference; fileEncoding = 4; lastKnownFileType = sourcecode.c.h; path = OSCDispatcher.h; sourceTree = "<group>"; };
		0B5068DC1460E46500BD27ED /* OSCDispatcher.m */ = {isa = PBXFileReference; fileEncoding = 4; lastKnownFileType = sourcecode.c.objc; path = OSCDispatcher.m; sourceTree = "<group>"; };
		0B5068DD1460E46500BD27ED /* OSCPacket.h */ = {isa = PBXFileReference; fileEncoding = 4; lastKnownFileType = sourcecode.c.h; path = OSCPacket.h; sourceTree = "<group>"; };
		0B5068DE1460E46500BD27ED /* OSCPacket.m */ = {isa = PBXFileReference; fileEncoding = 4; lastKnownFileType = sourcecode.c.objc; path = OSCPacket.m; sourceTree = "<group>"; };
		0B5068EB1460E4BC00BD27ED /* AsyncSocket Documentation.html */ = {isa = PBXFileReference; fileEncoding = 4; lastKnownFileType = text.html; path = "AsyncSocket Documentation.html"; sourceTree = "<group>"; };
		0B5068EC1460E4BC00BD27ED /* AsyncSocket.h */ = {isa = PBXFileReference; fileEncoding = 4; lastKnownFileType = sourcecode.c.h; path = AsyncSocket.h; sourceTree = "<group>"; };
		0B5068ED1460E4BC00BD27ED /* AsyncSocket.m */ = {isa = PBXFileReference; fileEncoding = 4; lastKnownFileType = sourcecode.c.objc; path = AsyncSocket.m; sourceTree = "<group>"; };
		0B5068EE1460E4BC00BD27ED /* AsyncUdpSocket.h */ = {isa = PBXFileReference; fileEncoding = 4; lastKnownFileType = sourcecode.c.h; path = AsyncUdpSocket.h; sourceTree = "<group>"; };
		0B5068EF1460E4BC00BD27ED /* AsyncUdpSocket.m */ = {isa = PBXFileReference; fileEncoding = 4; lastKnownFileType = sourcecode.c.objc; path = AsyncUdpSocket.m; sourceTree = "<group>"; };
		0B5068FF1460E4BC00BD27ED /* changes.txt */ = {isa = PBXFileReference; fileEncoding = 4; lastKnownFileType = text; path = changes.txt; sourceTree = "<group>"; };
		0B50691C1460E4BC00BD27ED /* License.rtf */ = {isa = PBXFileReference; fileEncoding = 4; lastKnownFileType = text.rtf; path = License.rtf; sourceTree = "<group>"; };
		0B50691D1460E4BC00BD27ED /* RegexKitLite.h */ = {isa = PBXFileReference; fileEncoding = 4; lastKnownFileType = sourcecode.c.h; path = RegexKitLite.h; sourceTree = "<group>"; };
		0B50691E1460E4BC00BD27ED /* RegexKitLite.html */ = {isa = PBXFileReference; fileEncoding = 4; lastKnownFileType = text.html; path = RegexKitLite.html; sourceTree = "<group>"; };
		0B50691F1460E4BC00BD27ED /* RegexKitLite.m */ = {isa = PBXFileReference; fileEncoding = 4; lastKnownFileType = sourcecode.c.objc; path = RegexKitLite.m; sourceTree = "<group>"; };
/* End PBXFileReference section */

/* Begin PBXFrameworksBuildPhase section */
		0B4C46801460E8B9007B5E06 /* Frameworks */ = {
			isa = PBXFrameworksBuildPhase;
			buildActionMask = 2147483647;
			files = (
				0B4C47FB146104F8007B5E06 /* libicucore.dylib in Frameworks */,
				0B4C46861460E8B9007B5E06 /* Cocoa.framework in Frameworks */,
			);
			runOnlyForDeploymentPostprocessing = 0;
		};
		0B4C46C21460EAAF007B5E06 /* Frameworks */ = {
			isa = PBXFrameworksBuildPhase;
			buildActionMask = 2147483647;
			files = (
				0B4C47241460FBA8007B5E06 /* CFNetwork.framework in Frameworks */,
				0B4C47231460FBA3007B5E06 /* libicucore.dylib in Frameworks */,
				0B4C46C81460EAAF007B5E06 /* UIKit.framework in Frameworks */,
				0B4C46C91460EAAF007B5E06 /* Foundation.framework in Frameworks */,
				0B4C46CB1460EAAF007B5E06 /* CoreGraphics.framework in Frameworks */,
				0B4C46DF1460EB85007B5E06 /* libCocoaOSC.a in Frameworks */,
			);
			runOnlyForDeploymentPostprocessing = 0;
		};
		0B4C46E11460EC07007B5E06 /* Frameworks */ = {
			isa = PBXFrameworksBuildPhase;
			buildActionMask = 2147483647;
			files = (
				0B4C470C1460F49A007B5E06 /* CocoaOSC.framework in Frameworks */,
				0B4C46E61460EC07007B5E06 /* Cocoa.framework in Frameworks */,
			);
			runOnlyForDeploymentPostprocessing = 0;
		};
		0B5068C21460E41500BD27ED /* Frameworks */ = {
			isa = PBXFrameworksBuildPhase;
			buildActionMask = 2147483647;
			files = (
				0B5068C91460E41500BD27ED /* Foundation.framework in Frameworks */,
			);
			runOnlyForDeploymentPostprocessing = 0;
		};
/* End PBXFrameworksBuildPhase section */

/* Begin PBXGroup section */
		0B4C46871460E8B9007B5E06 /* Other Frameworks */ = {
			isa = PBXGroup;
			children = (
				0B4C46881460E8B9007B5E06 /* AppKit.framework */,
				0B4C46891460E8B9007B5E06 /* CoreData.framework */,
				0B4C468A1460E8B9007B5E06 /* Foundation.framework */,
			);
			name = "Other Frameworks";
			sourceTree = "<group>";
		};
		0B4C468C1460E8B9007B5E06 /* Mac Supporting Files */ = {
			isa = PBXGroup;
			children = (
				0B4C468D1460E8B9007B5E06 /* CocoaOSC-Info.plist */,
				0B4C468E1460E8B9007B5E06 /* InfoPlist.strings */,
			);
			name = "Mac Supporting Files";
			sourceTree = "<group>";
		};
		0B4C46991460EA4B007B5E06 /* Demo-ios */ = {
			isa = PBXGroup;
			children = (
				0B4C469A1460EA4B007B5E06 /* AppDelegate.h */,
				0B4C469B1460EA4B007B5E06 /* AppDelegate.m */,
				0B4C469E1460EA4B007B5E06 /* CocoaOSCDemo-Info.plist */,
				0B4C469F1460EA4B007B5E06 /* main.m */,
				0B4C46A01460EA4B007B5E06 /* MainWindow.xib */,
			);
			path = "Demo-ios";
			sourceTree = "<group>";
		};
		0B4C46A11460EA4B007B5E06 /* Demo-mac */ = {
			isa = PBXGroup;
			children = (
				0B4C46A51460EA4B007B5E06 /* CocoaOSC_Mac_Demo-Info.plist */,
				0B4C46A61460EA4B007B5E06 /* CocoaOSC_Mac_Demo_Prefix.pch */,
				0B4C46A71460EA4B007B5E06 /* Credits.rtf */,
				0B4C46A91460EA4B007B5E06 /* InfoPlist.strings */,
				0B4C46AB1460EA4B007B5E06 /* MainMenu.xib */,
				0B4C46AD1460EA4B007B5E06 /* MyDocument.xib */,
				0B4C46AF1460EA4B007B5E06 /* PacketView.xib */,
				0B4C46B11460EA4B007B5E06 /* main.m */,
				0B4C46B21460EA4B007B5E06 /* MyDocument.h */,
				0B4C46B31460EA4B007B5E06 /* MyDocument.m */,
				0B4C46B41460EA4B007B5E06 /* MyDocumentModel.h */,
				0B4C46B51460EA4B007B5E06 /* MyDocumentModel.m */,
				0B4C46B61460EA4B007B5E06 /* MyMethod.h */,
				0B4C46B71460EA4B007B5E06 /* MyMethod.m */,
				0B4C46B81460EA4B007B5E06 /* PacketViewController.h */,
				0B4C46B91460EA4B007B5E06 /* PacketViewController.m */,
			);
			path = "Demo-mac";
			sourceTree = "<group>";
		};
		0B5068BA1460E41500BD27ED = {
			isa = PBXGroup;
			children = (
				0B5068CA1460E41500BD27ED /* CocoaOSC */,
				0B4C46991460EA4B007B5E06 /* Demo-ios */,
				0B4C46A11460EA4B007B5E06 /* Demo-mac */,
				0B5068E91460E4BC00BD27ED /* lib */,
				0B5068C71460E41500BD27ED /* Frameworks */,
				0B5068C61460E41500BD27ED /* Products */,
			);
			sourceTree = "<group>";
		};
		0B5068C61460E41500BD27ED /* Products */ = {
			isa = PBXGroup;
			children = (
				0B5068C51460E41500BD27ED /* libCocoaOSC.a */,
				0B4C46841460E8B9007B5E06 /* CocoaOSC.framework */,
				0B4C46C51460EAAF007B5E06 /* CocoaOSCios.app */,
				0B4C46E41460EC07007B5E06 /* CocoaOSCmac.app */,
			);
			name = Products;
			sourceTree = "<group>";
		};
		0B5068C71460E41500BD27ED /* Frameworks */ = {
			isa = PBXGroup;
			children = (
				0B4C47FA146104F8007B5E06 /* libicucore.dylib */,
				0B4C47211460FB76007B5E06 /* CFNetwork.framework */,
				0B4C471F1460FB6F007B5E06 /* libicucore.dylib */,
				0B5068C81460E41500BD27ED /* Foundation.framework */,
				0B4C46851460E8B9007B5E06 /* Cocoa.framework */,
				0B4C46C71460EAAF007B5E06 /* UIKit.framework */,
				0B4C46CA1460EAAF007B5E06 /* CoreGraphics.framework */,
				0B4C46871460E8B9007B5E06 /* Other Frameworks */,
			);
			name = Frameworks;
			sourceTree = "<group>";
		};
		0B5068CA1460E41500BD27ED /* CocoaOSC */ = {
			isa = PBXGroup;
			children = (
				0B5068D51460E46500BD27ED /* CocoaOSC.h */,
				0B5068D61460E46500BD27ED /* NS+OSCAdditions.h */,
				0B5068D71460E46500BD27ED /* NS+OSCAdditions.m */,
				0B5068D81460E46500BD27ED /* OSCConnection.h */,
				0B5068D91460E46500BD27ED /* OSCConnection.m */,
				0B5068DA1460E46500BD27ED /* OSCConnectionDelegate.h */,
				0B5068DB1460E46500BD27ED /* OSCDispatcher.h */,
				0B5068DC1460E46500BD27ED /* OSCDispatcher.m */,
				0B5068DD1460E46500BD27ED /* OSCPacket.h */,
				0B5068DE1460E46500BD27ED /* OSCPacket.m */,
				0B5068CB1460E41500BD27ED /* Supporting Files */,
				0B4C468C1460E8B9007B5E06 /* Mac Supporting Files */,
			);
			path = CocoaOSC;
			sourceTree = "<group>";
		};
		0B5068CB1460E41500BD27ED /* Supporting Files */ = {
			isa = PBXGroup;
			children = (
				0B5068CC1460E41500BD27ED /* CocoaOSC-Prefix.pch */,
			);
			name = "Supporting Files";
			sourceTree = "<group>";
		};
		0B5068E91460E4BC00BD27ED /* lib */ = {
			isa = PBXGroup;
			children = (
				0B5068EA1460E4BC00BD27ED /* cocoaasyncsocket */,
				0B5069111460E4BC00BD27ED /* RegexKitLite */,
			);
			path = lib;
			sourceTree = "<group>";
		};
		0B5068EA1460E4BC00BD27ED /* cocoaasyncsocket */ = {
			isa = PBXGroup;
			children = (
				0B5068EB1460E4BC00BD27ED /* AsyncSocket Documentation.html */,
				0B5068EC1460E4BC00BD27ED /* AsyncSocket.h */,
				0B5068ED1460E4BC00BD27ED /* AsyncSocket.m */,
				0B5068EE1460E4BC00BD27ED /* AsyncUdpSocket.h */,
				0B5068EF1460E4BC00BD27ED /* AsyncUdpSocket.m */,
				0B5068FF1460E4BC00BD27ED /* changes.txt */,
			);
			path = cocoaasyncsocket;
			sourceTree = "<group>";
		};
		0B5069111460E4BC00BD27ED /* RegexKitLite */ = {
			isa = PBXGroup;
			children = (
				0B50691C1460E4BC00BD27ED /* License.rtf */,
				0B50691D1460E4BC00BD27ED /* RegexKitLite.h */,
				0B50691E1460E4BC00BD27ED /* RegexKitLite.html */,
				0B50691F1460E4BC00BD27ED /* RegexKitLite.m */,
			);
			path = RegexKitLite;
			sourceTree = "<group>";
		};
/* End PBXGroup section */

/* Begin PBXHeadersBuildPhase section */
		0B4C46811460E8B9007B5E06 /* Headers */ = {
			isa = PBXHeadersBuildPhase;
			buildActionMask = 2147483647;
			files = (
				0B4C470D1460F4B8007B5E06 /* CocoaOSC.h in Headers */,
				0B4C47101460F4B8007B5E06 /* OSCConnection.h in Headers */,
				0B4C47121460F4B8007B5E06 /* OSCConnectionDelegate.h in Headers */,
				0B4C47131460F4B8007B5E06 /* OSCDispatcher.h in Headers */,
				0B4C47151460F4B8007B5E06 /* OSCPacket.h in Headers */,
				0B4C47171460F55E007B5E06 /* AsyncSocket.h in Headers */,
				0B4C47191460F55E007B5E06 /* AsyncUdpSocket.h in Headers */,
				0B4C471B1460F565007B5E06 /* RegexKitLite.h in Headers */,
			);
			runOnlyForDeploymentPostprocessing = 0;
		};
		0B5068C31460E41500BD27ED /* Headers */ = {
			isa = PBXHeadersBuildPhase;
			buildActionMask = 2147483647;
			files = (
				0B5068DF1460E46500BD27ED /* CocoaOSC.h in Headers */,
				0B5068E01460E46500BD27ED /* NS+OSCAdditions.h in Headers */,
				0B5068E21460E46500BD27ED /* OSCConnection.h in Headers */,
				0B5068E41460E46500BD27ED /* OSCConnectionDelegate.h in Headers */,
				0B5068E51460E46500BD27ED /* OSCDispatcher.h in Headers */,
				0B5068E71460E46500BD27ED /* OSCPacket.h in Headers */,
				0B5069271460E4BC00BD27ED /* AsyncSocket.h in Headers */,
				0B5069291460E4BC00BD27ED /* AsyncUdpSocket.h in Headers */,
				0B50693E1460E4BC00BD27ED /* RegexKitLite.h in Headers */,
			);
			runOnlyForDeploymentPostprocessing = 0;
		};
/* End PBXHeadersBuildPhase section */

/* Begin PBXNativeTarget section */
		0B4C46831460E8B9007B5E06 /* CocoaOSC-mac */ = {
			isa = PBXNativeTarget;
			buildConfigurationList = 0B4C46951460E8B9007B5E06 /* Build configuration list for PBXNativeTarget "CocoaOSC-mac" */;
			buildPhases = (
				0B4C467F1460E8B9007B5E06 /* Sources */,
				0B4C46801460E8B9007B5E06 /* Frameworks */,
				0B4C46811460E8B9007B5E06 /* Headers */,
				0B4C46821460E8B9007B5E06 /* Resources */,
			);
			buildRules = (
			);
			dependencies = (
			);
			name = "CocoaOSC-mac";
			productName = CocoaOSC;
			productReference = 0B4C46841460E8B9007B5E06 /* CocoaOSC.framework */;
			productType = "com.apple.product-type.framework";
		};
		0B4C46C41460EAAF007B5E06 /* CocoaOSCDemo-ios */ = {
			isa = PBXNativeTarget;
			buildConfigurationList = 0B4C46D81460EAAF007B5E06 /* Build configuration list for PBXNativeTarget "CocoaOSCDemo-ios" */;
			buildPhases = (
				0B4C46C11460EAAF007B5E06 /* Sources */,
				0B4C46C21460EAAF007B5E06 /* Frameworks */,
				0B4C46C31460EAAF007B5E06 /* Resources */,
			);
			buildRules = (
			);
			dependencies = (
				0B4C47081460ECC7007B5E06 /* PBXTargetDependency */,
			);
			name = "CocoaOSCDemo-ios";
			productName = CocoaOSCDemo;
			productReference = 0B4C46C51460EAAF007B5E06 /* CocoaOSCios.app */;
			productType = "com.apple.product-type.application";
		};
		0B4C46E31460EC07007B5E06 /* CocoaOSCDemo-mac */ = {
			isa = PBXNativeTarget;
			buildConfigurationList = 0B4C46F91460EC07007B5E06 /* Build configuration list for PBXNativeTarget "CocoaOSCDemo-mac" */;
			buildPhases = (
				0B4C46E01460EC07007B5E06 /* Sources */,
				0B4C46E11460EC07007B5E06 /* Frameworks */,
				0B4C46E21460EC07007B5E06 /* Resources */,
				0B4C47FC146105A7007B5E06 /* CopyFiles */,
			);
			buildRules = (
			);
			dependencies = (
				0B4C47061460ECC4007B5E06 /* PBXTargetDependency */,
			);
			name = "CocoaOSCDemo-mac";
			productName = "CocoaOSCDemo-mac";
			productReference = 0B4C46E41460EC07007B5E06 /* CocoaOSCmac.app */;
			productType = "com.apple.product-type.application";
		};
		0B5068C41460E41500BD27ED /* CocoaOSC-ios */ = {
			isa = PBXNativeTarget;
			buildConfigurationList = 0B5068D21460E41500BD27ED /* Build configuration list for PBXNativeTarget "CocoaOSC-ios" */;
			buildPhases = (
				0B5068C11460E41500BD27ED /* Sources */,
				0B5068C21460E41500BD27ED /* Frameworks */,
				0B5068C31460E41500BD27ED /* Headers */,
			);
			buildRules = (
			);
			dependencies = (
			);
			name = "CocoaOSC-ios";
			productName = CocoaOSC;
			productReference = 0B5068C51460E41500BD27ED /* libCocoaOSC.a */;
			productType = "com.apple.product-type.library.static";
		};
/* End PBXNativeTarget section */

/* Begin PBXProject section */
		0B5068BC1460E41500BD27ED /* Project object */ = {
			isa = PBXProject;
			attributes = {
				LastUpgradeCheck = 0420;
			};
			buildConfigurationList = 0B5068BF1460E41500BD27ED /* Build configuration list for PBXProject "CocoaOSC" */;
			compatibilityVersion = "Xcode 3.2";
			developmentRegion = English;
			hasScannedForEncodings = 0;
			knownRegions = (
				en,
				English,
			);
			mainGroup = 0B5068BA1460E41500BD27ED;
			productRefGroup = 0B5068C61460E41500BD27ED /* Products */;
			projectDirPath = "";
			projectRoot = "";
			targets = (
				0B5068C41460E41500BD27ED /* CocoaOSC-ios */,
				0B4C46831460E8B9007B5E06 /* CocoaOSC-mac */,
				0B4C46C41460EAAF007B5E06 /* CocoaOSCDemo-ios */,
				0B4C46E31460EC07007B5E06 /* CocoaOSCDemo-mac */,
			);
		};
/* End PBXProject section */

/* Begin PBXResourcesBuildPhase section */
		0B4C46821460E8B9007B5E06 /* Resources */ = {
			isa = PBXResourcesBuildPhase;
			buildActionMask = 2147483647;
			files = (
				0B4C46901460E8B9007B5E06 /* InfoPlist.strings in Resources */,
			);
			runOnlyForDeploymentPostprocessing = 0;
		};
		0B4C46C31460EAAF007B5E06 /* Resources */ = {
			isa = PBXResourcesBuildPhase;
			buildActionMask = 2147483647;
			files = (
				0B4C46DE1460EB0A007B5E06 /* MainWindow.xib in Resources */,
			);
			runOnlyForDeploymentPostprocessing = 0;
		};
		0B4C46E21460EC07007B5E06 /* Resources */ = {
			isa = PBXResourcesBuildPhase;
			buildActionMask = 2147483647;
			files = (
				0B4C46FC1460EC29007B5E06 /* MainMenu.xib in Resources */,
				0B4C46FD1460EC29007B5E06 /* MyDocument.xib in Resources */,
				0B4C46FE1460EC29007B5E06 /* PacketView.xib in Resources */,
				0B4C470A1460ED2E007B5E06 /* Credits.rtf in Resources */,
				0B4C470B1460ED39007B5E06 /* InfoPlist.strings in Resources */,
			);
			runOnlyForDeploymentPostprocessing = 0;
		};
/* End PBXResourcesBuildPhase section */

/* Begin PBXSourcesBuildPhase section */
		0B4C467F1460E8B9007B5E06 /* Sources */ = {
			isa = PBXSourcesBuildPhase;
			buildActionMask = 2147483647;
			files = (
				0B4C470F1460F4B8007B5E06 /* NS+OSCAdditions.m in Sources */,
				0B4C47111460F4B8007B5E06 /* OSCConnection.m in Sources */,
				0B4C47141460F4B8007B5E06 /* OSCDispatcher.m in Sources */,
				0B4C47161460F4B8007B5E06 /* OSCPacket.m in Sources */,
				0B4C47181460F55E007B5E06 /* AsyncSocket.m in Sources */,
				0B4C471A1460F55E007B5E06 /* AsyncUdpSocket.m in Sources */,
				0B4C471C1460F565007B5E06 /* RegexKitLite.m in Sources */,
			);
			runOnlyForDeploymentPostprocessing = 0;
		};
		0B4C46C11460EAAF007B5E06 /* Sources */ = {
			isa = PBXSourcesBuildPhase;
			buildActionMask = 2147483647;
			files = (
				0B4C46DB1460EB0A007B5E06 /* AppDelegate.m in Sources */,
				0B4C46DD1460EB0A007B5E06 /* main.m in Sources */,
			);
			runOnlyForDeploymentPostprocessing = 0;
		};
		0B4C46E01460EC07007B5E06 /* Sources */ = {
			isa = PBXSourcesBuildPhase;
			buildActionMask = 2147483647;
			files = (
				0B4C46FF1460EC39007B5E06 /* main.m in Sources */,
				0B4C47001460EC39007B5E06 /* MyDocument.m in Sources */,
				0B4C47011460EC39007B5E06 /* MyDocumentModel.m in Sources */,
				0B4C47021460EC39007B5E06 /* MyMethod.m in Sources */,
				0B4C47031460EC39007B5E06 /* PacketViewController.m in Sources */,
			);
			runOnlyForDeploymentPostprocessing = 0;
		};
		0B5068C11460E41500BD27ED /* Sources */ = {
			isa = PBXSourcesBuildPhase;
			buildActionMask = 2147483647;
			files = (
				0B5068E11460E46500BD27ED /* NS+OSCAdditions.m in Sources */,
				0B5068E31460E46500BD27ED /* OSCConnection.m in Sources */,
				0B5068E61460E46500BD27ED /* OSCDispatcher.m in Sources */,
				0B5068E81460E46500BD27ED /* OSCPacket.m in Sources */,
				0B5069281460E4BC00BD27ED /* AsyncSocket.m in Sources */,
				0B50692A1460E4BC00BD27ED /* AsyncUdpSocket.m in Sources */,
				0B50693F1460E4BC00BD27ED /* RegexKitLite.m in Sources */,
			);
			runOnlyForDeploymentPostprocessing = 0;
		};
/* End PBXSourcesBuildPhase section */

/* Begin PBXTargetDependency section */
		0B4C47061460ECC4007B5E06 /* PBXTargetDependency */ = {
			isa = PBXTargetDependency;
			target = 0B4C46831460E8B9007B5E06 /* CocoaOSC-mac */;
			targetProxy = 0B4C47051460ECC4007B5E06 /* PBXContainerItemProxy */;
		};
		0B4C47081460ECC7007B5E06 /* PBXTargetDependency */ = {
			isa = PBXTargetDependency;
			target = 0B5068C41460E41500BD27ED /* CocoaOSC-ios */;
			targetProxy = 0B4C47071460ECC7007B5E06 /* PBXContainerItemProxy */;
		};
/* End PBXTargetDependency section */

/* Begin PBXVariantGroup section */
		0B4C468E1460E8B9007B5E06 /* InfoPlist.strings */ = {
			isa = PBXVariantGroup;
			children = (
				0B4C468F1460E8B9007B5E06 /* en */,
			);
			name = InfoPlist.strings;
			sourceTree = "<group>";
		};
		0B4C46A71460EA4B007B5E06 /* Credits.rtf */ = {
			isa = PBXVariantGroup;
			children = (
				0B4C46A81460EA4B007B5E06 /* English */,
			);
			name = Credits.rtf;
			sourceTree = "<group>";
		};
		0B4C46A91460EA4B007B5E06 /* InfoPlist.strings */ = {
			isa = PBXVariantGroup;
			children = (
				0B4C46AA1460EA4B007B5E06 /* English */,
			);
			name = InfoPlist.strings;
			sourceTree = "<group>";
		};
		0B4C46AB1460EA4B007B5E06 /* MainMenu.xib */ = {
			isa = PBXVariantGroup;
			children = (
				0B4C46AC1460EA4B007B5E06 /* English */,
			);
			name = MainMenu.xib;
			sourceTree = "<group>";
		};
		0B4C46AD1460EA4B007B5E06 /* MyDocument.xib */ = {
			isa = PBXVariantGroup;
			children = (
				0B4C46AE1460EA4B007B5E06 /* English */,
			);
			name = MyDocument.xib;
			sourceTree = "<group>";
		};
		0B4C46AF1460EA4B007B5E06 /* PacketView.xib */ = {
			isa = PBXVariantGroup;
			children = (
				0B4C46B01460EA4B007B5E06 /* English */,
			);
			name = PacketView.xib;
			sourceTree = "<group>";
		};
/* End PBXVariantGroup section */

/* Begin XCBuildConfiguration section */
		0B4C46961460E8B9007B5E06 /* Debug */ = {
			isa = XCBuildConfiguration;
			buildSettings = {
				ARCHS = "$(ARCHS_STANDARD_64_BIT)";
				DYLIB_COMPATIBILITY_VERSION = 1;
				DYLIB_CURRENT_VERSION = 1;
				FRAMEWORK_SEARCH_PATHS = (
					"$(inherited)",
					"\"$(DEVELOPER_FRAMEWORKS_DIR)\"",
				);
				FRAMEWORK_VERSION = A;
				GCC_ENABLE_OBJC_EXCEPTIONS = YES;
				GCC_ENABLE_OBJC_GC = supported;
				GCC_PRECOMPILE_PREFIX_HEADER = YES;
				GCC_PREFIX_HEADER = "CocoaOSC/CocoaOSC-Prefix.pch";
				GCC_WARN_64_TO_32_BIT_CONVERSION = YES;
				INFOPLIST_FILE = "CocoaOSC/CocoaOSC-Info.plist";
				INSTALL_PATH = "@executable_path/../Frameworks";
				MACOSX_DEPLOYMENT_TARGET = 10.7;
				ONLY_ACTIVE_ARCH = YES;
				PRODUCT_NAME = CocoaOSC;
				SDKROOT = macosx;
				SKIP_INSTALL = YES;
				WRAPPER_EXTENSION = framework;
			};
			name = Debug;
		};
		0B4C46971460E8B9007B5E06 /* Release */ = {
			isa = XCBuildConfiguration;
			buildSettings = {
				ARCHS = "$(ARCHS_STANDARD_64_BIT)";
				DEBUG_INFORMATION_FORMAT = "dwarf-with-dsym";
				DYLIB_COMPATIBILITY_VERSION = 1;
				DYLIB_CURRENT_VERSION = 1;
				FRAMEWORK_SEARCH_PATHS = (
					"$(inherited)",
					"\"$(DEVELOPER_FRAMEWORKS_DIR)\"",
				);
				FRAMEWORK_VERSION = A;
				GCC_ENABLE_OBJC_EXCEPTIONS = YES;
				GCC_ENABLE_OBJC_GC = supported;
				GCC_PRECOMPILE_PREFIX_HEADER = YES;
				GCC_PREFIX_HEADER = "CocoaOSC/CocoaOSC-Prefix.pch";
				GCC_WARN_64_TO_32_BIT_CONVERSION = YES;
				INFOPLIST_FILE = "CocoaOSC/CocoaOSC-Info.plist";
				INSTALL_PATH = "@executable_path/../Frameworks";
				MACOSX_DEPLOYMENT_TARGET = 10.7;
				PRODUCT_NAME = CocoaOSC;
				SDKROOT = macosx;
				SKIP_INSTALL = YES;
				WRAPPER_EXTENSION = framework;
			};
			name = Release;
		};
		0B4C46D91460EAAF007B5E06 /* Debug */ = {
			isa = XCBuildConfiguration;
			buildSettings = {
				"CODE_SIGN_IDENTITY[sdk=iphoneos*]" = "iPhone Developer";
				GCC_PRECOMPILE_PREFIX_HEADER = NO;
				INFOPLIST_FILE = "Demo-ios/CocoaOSCDemo-Info.plist";
				OTHER_LDFLAGS = "-ObjC";
				PRODUCT_NAME = CocoaOSCios;
				WRAPPER_EXTENSION = app;
			};
			name = Debug;
		};
		0B4C46DA1460EAAF007B5E06 /* Release */ = {
			isa = XCBuildConfiguration;
			buildSettings = {
				"CODE_SIGN_IDENTITY[sdk=iphoneos*]" = "iPhone Developer";
				GCC_PRECOMPILE_PREFIX_HEADER = NO;
				INFOPLIST_FILE = "Demo-ios/CocoaOSCDemo-Info.plist";
				OTHER_CFLAGS = "-DNS_BLOCK_ASSERTIONS=1";
				OTHER_LDFLAGS = "-ObjC";
				PRODUCT_NAME = CocoaOSCios;
				WRAPPER_EXTENSION = app;
			};
			name = Release;
		};
		0B4C46FA1460EC07007B5E06 /* Debug */ = {
			isa = XCBuildConfiguration;
			buildSettings = {
				ARCHS = "$(ARCHS_STANDARD_64_BIT)";
				FRAMEWORK_SEARCH_PATHS = (
					"$(inherited)",
					"\"$(DEVELOPER_FRAMEWORKS_DIR)\"",
				);
				GCC_ENABLE_OBJC_EXCEPTIONS = YES;
				GCC_ENABLE_OBJC_GC = required;
				GCC_PRECOMPILE_PREFIX_HEADER = YES;
				GCC_PREFIX_HEADER = "Demo-mac/CocoaOSC_Mac_Demo_Prefix.pch";
				GCC_WARN_64_TO_32_BIT_CONVERSION = YES;
				INFOPLIST_FILE = "Demo-mac/CocoaOSC_Mac_Demo-Info.plist";
				MACOSX_DEPLOYMENT_TARGET = 10.7;
				ONLY_ACTIVE_ARCH = YES;
				PRODUCT_NAME = CocoaOSCmac;
				SDKROOT = macosx;
				WRAPPER_EXTENSION = app;
			};
			name = Debug;
		};
		0B4C46FB1460EC07007B5E06 /* Release */ = {
			isa = XCBuildConfiguration;
			buildSettings = {
				ARCHS = "$(ARCHS_STANDARD_64_BIT)";
				DEBUG_INFORMATION_FORMAT = "dwarf-with-dsym";
				FRAMEWORK_SEARCH_PATHS = (
					"$(inherited)",
					"\"$(DEVELOPER_FRAMEWORKS_DIR)\"",
				);
				GCC_ENABLE_OBJC_EXCEPTIONS = YES;
				GCC_ENABLE_OBJC_GC = required;
				GCC_PRECOMPILE_PREFIX_HEADER = YES;
				GCC_PREFIX_HEADER = "Demo-mac/CocoaOSC_Mac_Demo_Prefix.pch";
				GCC_WARN_64_TO_32_BIT_CONVERSION = YES;
				INFOPLIST_FILE = "Demo-mac/CocoaOSC_Mac_Demo-Info.plist";
				MACOSX_DEPLOYMENT_TARGET = 10.7;
				PRODUCT_NAME = CocoaOSCmac;
				SDKROOT = macosx;
				WRAPPER_EXTENSION = app;
			};
			name = Release;
		};
		0B5068D01460E41500BD27ED /* Debug */ = {
			isa = XCBuildConfiguration;
			buildSettings = {
				ALWAYS_SEARCH_USER_PATHS = NO;
				ARCHS = "$(ARCHS_STANDARD_32_BIT)";
				COPY_PHASE_STRIP = NO;
				GCC_C_LANGUAGE_STANDARD = gnu99;
				GCC_DYNAMIC_NO_PIC = NO;
				GCC_OPTIMIZATION_LEVEL = 0;
				GCC_PREPROCESSOR_DEFINITIONS = (
					"DEBUG=1",
					"$(inherited)",
				);
				GCC_SYMBOLS_PRIVATE_EXTERN = NO;
				GCC_VERSION = com.apple.compilers.llvm.clang.1_0;
				GCC_WARN_ABOUT_MISSING_PROTOTYPES = YES;
				GCC_WARN_ABOUT_RETURN_TYPE = YES;
				GCC_WARN_UNUSED_VARIABLE = YES;
				HEADER_SEARCH_PATHS = .;
				IPHONEOS_DEPLOYMENT_TARGET = 5.0;
				SDKROOT = iphoneos;
			};
			name = Debug;
		};
		0B5068D11460E41500BD27ED /* Release */ = {
			isa = XCBuildConfiguration;
			buildSettings = {
				ALWAYS_SEARCH_USER_PATHS = NO;
				ARCHS = "$(ARCHS_STANDARD_32_BIT)";
				COPY_PHASE_STRIP = YES;
				GCC_C_LANGUAGE_STANDARD = gnu99;
				GCC_VERSION = com.apple.compilers.llvm.clang.1_0;
				GCC_WARN_ABOUT_MISSING_PROTOTYPES = YES;
				GCC_WARN_ABOUT_RETURN_TYPE = YES;
				GCC_WARN_UNUSED_VARIABLE = YES;
				HEADER_SEARCH_PATHS = .;
				IPHONEOS_DEPLOYMENT_TARGET = 5.0;
				SDKROOT = iphoneos;
				VALIDATE_PRODUCT = YES;
			};
			name = Release;
		};
		0B5068D31460E41500BD27ED /* Debug */ = {
			isa = XCBuildConfiguration;
			buildSettings = {
				DSTROOT = /tmp/CocoaOSC.dst;
				GCC_PRECOMPILE_PREFIX_HEADER = YES;
				GCC_PREFIX_HEADER = "CocoaOSC/CocoaOSC-Prefix.pch";
				OTHER_LDFLAGS = "-ObjC";
				PRODUCT_NAME = CocoaOSC;
				SKIP_INSTALL = YES;
			};
			name = Debug;
		};
		0B5068D41460E41500BD27ED /* Release */ = {
			isa = XCBuildConfiguration;
			buildSettings = {
				ARCHS = (
					armv6,
					armv7,
				);
				DSTROOT = /tmp/CocoaOSC.dst;
				GCC_PRECOMPILE_PREFIX_HEADER = YES;
				GCC_PREFIX_HEADER = "CocoaOSC/CocoaOSC-Prefix.pch";
				OTHER_LDFLAGS = "-ObjC";
				PRODUCT_NAME = CocoaOSC;
				SKIP_INSTALL = YES;
			};
			name = Release;
		};
/* End XCBuildConfiguration section */

/* Begin XCConfigurationList section */
		0B4C46951460E8B9007B5E06 /* Build configuration list for PBXNativeTarget "CocoaOSC-mac" */ = {
			isa = XCConfigurationList;
			buildConfigurations = (
				0B4C46961460E8B9007B5E06 /* Debug */,
				0B4C46971460E8B9007B5E06 /* Release */,
			);
			defaultConfigurationIsVisible = 0;
			defaultConfigurationName = Release;
		};
		0B4C46D81460EAAF007B5E06 /* Build configuration list for PBXNativeTarget "CocoaOSCDemo-ios" */ = {
			isa = XCConfigurationList;
			buildConfigurations = (
				0B4C46D91460EAAF007B5E06 /* Debug */,
				0B4C46DA1460EAAF007B5E06 /* Release */,
			);
			defaultConfigurationIsVisible = 0;
			defaultConfigurationName = Release;
		};
		0B4C46F91460EC07007B5E06 /* Build configuration list for PBXNativeTarget "CocoaOSCDemo-mac" */ = {
			isa = XCConfigurationList;
			buildConfigurations = (
				0B4C46FA1460EC07007B5E06 /* Debug */,
				0B4C46FB1460EC07007B5E06 /* Release */,
			);
			defaultConfigurationIsVisible = 0;
			defaultConfigurationName = Release;
		};
		0B5068BF1460E41500BD27ED /* Build configuration list for PBXProject "CocoaOSC" */ = {
			isa = XCConfigurationList;
			buildConfigurations = (
				0B5068D01460E41500BD27ED /* Debug */,
				0B5068D11460E41500BD27ED /* Release */,
			);
			defaultConfigurationIsVisible = 0;
			defaultConfigurationName = Release;
		};
		0B5068D21460E41500BD27ED /* Build configuration list for PBXNativeTarget "CocoaOSC-ios" */ = {
			isa = XCConfigurationList;
			buildConfigurations = (
				0B5068D31460E41500BD27ED /* Debug */,
				0B5068D41460E41500BD27ED /* Release */,
			);
			defaultConfigurationIsVisible = 0;
			defaultConfigurationName = Release;
		};
/* End XCConfigurationList section */
	};
	rootObject = 0B5068BC1460E41500BD27ED /* Project object */;
}
